// !$*UTF8*$!
{
	archiveVersion = 1;
	classes = {
	};
	objectVersion = 55;
	objects = {

/* Begin PBXBuildFile section */
		1595E93428B26AF600CDA031 /* AppDelegate.swift in Sources */ = {isa = PBXBuildFile; fileRef = 1595E93328B26AF600CDA031 /* AppDelegate.swift */; };
		1595E93628B26AF600CDA031 /* SceneDelegate.swift in Sources */ = {isa = PBXBuildFile; fileRef = 1595E93528B26AF600CDA031 /* SceneDelegate.swift */; };
		1595E93828B26AF600CDA031 /* ViewController.swift in Sources */ = {isa = PBXBuildFile; fileRef = 1595E93728B26AF600CDA031 /* ViewController.swift */; };
		1595E93B28B26AF600CDA031 /* Main.storyboard in Resources */ = {isa = PBXBuildFile; fileRef = 1595E93928B26AF600CDA031 /* Main.storyboard */; };
		1595E93E28B26AF600CDA031 /* SystemKitTesting.xcdatamodeld in Sources */ = {isa = PBXBuildFile; fileRef = 1595E93C28B26AF600CDA031 /* SystemKitTesting.xcdatamodeld */; };
		1595E94028B26AF700CDA031 /* Assets.xcassets in Resources */ = {isa = PBXBuildFile; fileRef = 1595E93F28B26AF700CDA031 /* Assets.xcassets */; };
		1595E94328B26AF700CDA031 /* LaunchScreen.storyboard in Resources */ = {isa = PBXBuildFile; fileRef = 1595E94128B26AF700CDA031 /* LaunchScreen.storyboard */; };
/* End PBXBuildFile section */

/* Begin PBXFileReference section */
		1595E93028B26AF600CDA031 /* SystemKitTesting.app */ = {isa = PBXFileReference; explicitFileType = wrapper.application; includeInIndex = 0; path = SystemKitTesting.app; sourceTree = BUILT_PRODUCTS_DIR; };
		1595E93328B26AF600CDA031 /* AppDelegate.swift */ = {isa = PBXFileReference; lastKnownFileType = sourcecode.swift; path = AppDelegate.swift; sourceTree = "<group>"; };
		1595E93528B26AF600CDA031 /* SceneDelegate.swift */ = {isa = PBXFileReference; lastKnownFileType = sourcecode.swift; path = SceneDelegate.swift; sourceTree = "<group>"; };
		1595E93728B26AF600CDA031 /* ViewController.swift */ = {isa = PBXFileReference; lastKnownFileType = sourcecode.swift; path = ViewController.swift; sourceTree = "<group>"; };
		1595E93A28B26AF600CDA031 /* Base */ = {isa = PBXFileReference; lastKnownFileType = file.storyboard; name = Base; path = Base.lproj/Main.storyboard; sourceTree = "<group>"; };
		1595E93D28B26AF600CDA031 /* SystemKitTesting.xcdatamodel */ = {isa = PBXFileReference; lastKnownFileType = wrapper.xcdatamodel; path = SystemKitTesting.xcdatamodel; sourceTree = "<group>"; };
		1595E93F28B26AF700CDA031 /* Assets.xcassets */ = {isa = PBXFileReference; lastKnownFileType = folder.assetcatalog; path = Assets.xcassets; sourceTree = "<group>"; };
		1595E94228B26AF700CDA031 /* Base */ = {isa = PBXFileReference; lastKnownFileType = file.storyboard; name = Base; path = Base.lproj/LaunchScreen.storyboard; sourceTree = "<group>"; };
		1595E94428B26AF700CDA031 /* Info.plist */ = {isa = PBXFileReference; lastKnownFileType = text.plist.xml; path = Info.plist; sourceTree = "<group>"; };
		15C38C6728C3AD4A003479EC /* SystemKit */ = {isa = PBXFileReference; lastKnownFileType = wrapper; name = SystemKit; path = ../SystemKit; sourceTree = "<group>"; };
/* End PBXFileReference section */

/* Begin PBXFrameworksBuildPhase section */
		1595E92D28B26AF600CDA031 /* Frameworks */ = {
			isa = PBXFrameworksBuildPhase;
			buildActionMask = 2147483647;
			files = (
			);
			runOnlyForDeploymentPostprocessing = 0;
		};
/* End PBXFrameworksBuildPhase section */

/* Begin PBXGroup section */
		1595E92728B26AF600CDA031 = {
			isa = PBXGroup;
			children = (
				15C38C6628C3AD4A003479EC /* Packages */,
				1595E93228B26AF600CDA031 /* SystemKitTesting */,
				1595E93128B26AF600CDA031 /* Products */,
			);
			sourceTree = "<group>";
		};
		1595E93128B26AF600CDA031 /* Products */ = {
			isa = PBXGroup;
			children = (
				1595E93028B26AF600CDA031 /* SystemKitTesting.app */,
			);
			name = Products;
			sourceTree = "<group>";
		};
		1595E93228B26AF600CDA031 /* SystemKitTesting */ = {
			isa = PBXGroup;
			children = (
				1595E93328B26AF600CDA031 /* AppDelegate.swift */,
				1595E93528B26AF600CDA031 /* SceneDelegate.swift */,
				1595E93728B26AF600CDA031 /* ViewController.swift */,
				1595E93928B26AF600CDA031 /* Main.storyboard */,
				1595E93F28B26AF700CDA031 /* Assets.xcassets */,
				1595E94128B26AF700CDA031 /* LaunchScreen.storyboard */,
				1595E94428B26AF700CDA031 /* Info.plist */,
				1595E93C28B26AF600CDA031 /* SystemKitTesting.xcdatamodeld */,
			);
			path = SystemKitTesting;
			sourceTree = "<group>";
		};
		15C38C6628C3AD4A003479EC /* Packages */ = {
			isa = PBXGroup;
			children = (
				15C38C6728C3AD4A003479EC /* SystemKit */,
			);
			name = Packages;
			sourceTree = "<group>";
		};
/* End PBXGroup section */

/* Begin PBXNativeTarget section */
		1595E92F28B26AF600CDA031 /* SystemKitTesting */ = {
			isa = PBXNativeTarget;
			buildConfigurationList = 1595E94728B26AF700CDA031 /* Build configuration list for PBXNativeTarget "SystemKitTesting" */;
			buildPhases = (
				1595E92C28B26AF600CDA031 /* Sources */,
				1595E92D28B26AF600CDA031 /* Frameworks */,
				1595E92E28B26AF600CDA031 /* Resources */,
			);
			buildRules = (
			);
			dependencies = (
			);
			name = SystemKitTesting;
			productName = SystemKitTesting;
			productReference = 1595E93028B26AF600CDA031 /* SystemKitTesting.app */;
			productType = "com.apple.product-type.application";
		};
/* End PBXNativeTarget section */

/* Begin PBXProject section */
		1595E92828B26AF600CDA031 /* Project object */ = {
			isa = PBXProject;
			attributes = {
				BuildIndependentTargetsInParallel = 1;
				LastSwiftUpdateCheck = 1340;
				LastUpgradeCheck = 1340;
				TargetAttributes = {
					1595E92F28B26AF600CDA031 = {
						CreatedOnToolsVersion = 13.4.1;
					};
				};
			};
			buildConfigurationList = 1595E92B28B26AF600CDA031 /* Build configuration list for PBXProject "SystemKitTesting" */;
			compatibilityVersion = "Xcode 13.0";
			developmentRegion = en;
			hasScannedForEncodings = 0;
			knownRegions = (
				en,
				Base,
			);
			mainGroup = 1595E92728B26AF600CDA031;
			productRefGroup = 1595E93128B26AF600CDA031 /* Products */;
			projectDirPath = "";
			projectRoot = "";
			targets = (
				1595E92F28B26AF600CDA031 /* SystemKitTesting */,
			);
		};
/* End PBXProject section */

/* Begin PBXResourcesBuildPhase section */
		1595E92E28B26AF600CDA031 /* Resources */ = {
			isa = PBXResourcesBuildPhase;
			buildActionMask = 2147483647;
			files = (
				1595E94328B26AF700CDA031 /* LaunchScreen.storyboard in Resources */,
				1595E94028B26AF700CDA031 /* Assets.xcassets in Resources */,
				1595E93B28B26AF600CDA031 /* Main.storyboard in Resources */,
			);
			runOnlyForDeploymentPostprocessing = 0;
		};
/* End PBXResourcesBuildPhase section */

/* Begin PBXSourcesBuildPhase section */
		1595E92C28B26AF600CDA031 /* Sources */ = {
			isa = PBXSourcesBuildPhase;
			buildActionMask = 2147483647;
			files = (
				1595E93E28B26AF600CDA031 /* SystemKitTesting.xcdatamodeld in Sources */,
				1595E93828B26AF600CDA031 /* ViewController.swift in Sources */,
				1595E93428B26AF600CDA031 /* AppDelegate.swift in Sources */,
				1595E93628B26AF600CDA031 /* SceneDelegate.swift in Sources */,
			);
			runOnlyForDeploymentPostprocessing = 0;
		};
/* End PBXSourcesBuildPhase section */

/* Begin PBXVariantGroup section */
		1595E93928B26AF600CDA031 /* Main.storyboard */ = {
			isa = PBXVariantGroup;
			children = (
				1595E93A28B26AF600CDA031 /* Base */,
			);
			name = Main.storyboard;
			sourceTree = "<group>";
		};
		1595E94128B26AF700CDA031 /* LaunchScreen.storyboard */ = {
			isa = PBXVariantGroup;
			children = (
				1595E94228B26AF700CDA031 /* Base */,
			);
			name = LaunchScreen.storyboard;
			sourceTree = "<group>";
		};
/* End PBXVariantGroup section */

/* Begin XCBuildConfiguration section */
		1595E94528B26AF700CDA031 /* Debug */ = {
			isa = XCBuildConfiguration;
			buildSettings = {
				ALWAYS_SEARCH_USER_PATHS = NO;
				CLANG_ANALYZER_NONNULL = YES;
				CLANG_ANALYZER_NUMBER_OBJECT_CONVERSION = YES_AGGRESSIVE;
				CLANG_CXX_LANGUAGE_STANDARD = "gnu++17";
				CLANG_ENABLE_MODULES = YES;
				CLANG_ENABLE_OBJC_ARC = YES;
				CLANG_ENABLE_OBJC_WEAK = YES;
				CLANG_WARN_BLOCK_CAPTURE_AUTORELEASING = YES;
				CLANG_WARN_BOOL_CONVERSION = YES;
				CLANG_WARN_COMMA = YES;
				CLANG_WARN_CONSTANT_CONVERSION = YES;
				CLANG_WARN_DEPRECATED_OBJC_IMPLEMENTATIONS = YES;
				CLANG_WARN_DIRECT_OBJC_ISA_USAGE = YES_ERROR;
				CLANG_WARN_DOCUMENTATION_COMMENTS = YES;
				CLANG_WARN_EMPTY_BODY = YES;
				CLANG_WARN_ENUM_CONVERSION = YES;
				CLANG_WARN_INFINITE_RECURSION = YES;
				CLANG_WARN_INT_CONVERSION = YES;
				CLANG_WARN_NON_LITERAL_NULL_CONVERSION = YES;
				CLANG_WARN_OBJC_IMPLICIT_RETAIN_SELF = YES;
				CLANG_WARN_OBJC_LITERAL_CONVERSION = YES;
				CLANG_WARN_OBJC_ROOT_CLASS = YES_ERROR;
				CLANG_WARN_QUOTED_INCLUDE_IN_FRAMEWORK_HEADER = YES;
				CLANG_WARN_RANGE_LOOP_ANALYSIS = YES;
				CLANG_WARN_STRICT_PROTOTYPES = YES;
				CLANG_WARN_SUSPICIOUS_MOVE = YES;
				CLANG_WARN_UNGUARDED_AVAILABILITY = YES_AGGRESSIVE;
				CLANG_WARN_UNREACHABLE_CODE = YES;
				CLANG_WARN__DUPLICATE_METHOD_MATCH = YES;
				COPY_PHASE_STRIP = NO;
				DEBUG_INFORMATION_FORMAT = dwarf;
				ENABLE_STRICT_OBJC_MSGSEND = YES;
				ENABLE_TESTABILITY = YES;
				GCC_C_LANGUAGE_STANDARD = gnu11;
				GCC_DYNAMIC_NO_PIC = NO;
				GCC_NO_COMMON_BLOCKS = YES;
				GCC_OPTIMIZATION_LEVEL = 0;
				GCC_PREPROCESSOR_DEFINITIONS = (
					"DEBUG=1",
					"$(inherited)",
				);
				GCC_WARN_64_TO_32_BIT_CONVERSION = YES;
				GCC_WARN_ABOUT_RETURN_TYPE = YES_ERROR;
				GCC_WARN_UNDECLARED_SELECTOR = YES;
				GCC_WARN_UNINITIALIZED_AUTOS = YES_AGGRESSIVE;
				GCC_WARN_UNUSED_FUNCTION = YES;
				GCC_WARN_UNUSED_VARIABLE = YES;
				IPHONEOS_DEPLOYMENT_TARGET = 15.5;
				MTL_ENABLE_DEBUG_INFO = INCLUDE_SOURCE;
				MTL_FAST_MATH = YES;
				ONLY_ACTIVE_ARCH = YES;
				SDKROOT = iphoneos;
				SWIFT_ACTIVE_COMPILATION_CONDITIONS = DEBUG;
				SWIFT_OPTIMIZATION_LEVEL = "-Onone";
			};
			name = Debug;
		};
		1595E94628B26AF700CDA031 /* Release */ = {
			isa = XCBuildConfiguration;
			buildSettings = {
				ALWAYS_SEARCH_USER_PATHS = NO;
				CLANG_ANALYZER_NONNULL = YES;
				CLANG_ANALYZER_NUMBER_OBJECT_CONVERSION = YES_AGGRESSIVE;
				CLANG_CXX_LANGUAGE_STANDARD = "gnu++17";
				CLANG_ENABLE_MODULES = YES;
				CLANG_ENABLE_OBJC_ARC = YES;
				CLANG_ENABLE_OBJC_WEAK = YES;
				CLANG_WARN_BLOCK_CAPTURE_AUTORELEASING = YES;
				CLANG_WARN_BOOL_CONVERSION = YES;
				CLANG_WARN_COMMA = YES;
				CLANG_WARN_CONSTANT_CONVERSION = YES;
				CLANG_WARN_DEPRECATED_OBJC_IMPLEMENTATIONS = YES;
				CLANG_WARN_DIRECT_OBJC_ISA_USAGE = YES_ERROR;
				CLANG_WARN_DOCUMENTATION_COMMENTS = YES;
				CLANG_WARN_EMPTY_BODY = YES;
				CLANG_WARN_ENUM_CONVERSION = YES;
				CLANG_WARN_INFINITE_RECURSION = YES;
				CLANG_WARN_INT_CONVERSION = YES;
				CLANG_WARN_NON_LITERAL_NULL_CONVERSION = YES;
				CLANG_WARN_OBJC_IMPLICIT_RETAIN_SELF = YES;
				CLANG_WARN_OBJC_LITERAL_CONVERSION = YES;
				CLANG_WARN_OBJC_ROOT_CLASS = YES_ERROR;
				CLANG_WARN_QUOTED_INCLUDE_IN_FRAMEWORK_HEADER = YES;
				CLANG_WARN_RANGE_LOOP_ANALYSIS = YES;
				CLANG_WARN_STRICT_PROTOTYPES = YES;
				CLANG_WARN_SUSPICIOUS_MOVE = YES;
				CLANG_WARN_UNGUARDED_AVAILABILITY = YES_AGGRESSIVE;
				CLANG_WARN_UNREACHABLE_CODE = YES;
				CLANG_WARN__DUPLICATE_METHOD_MATCH = YES;
				COPY_PHASE_STRIP = NO;
				DEBUG_INFORMATION_FORMAT = "dwarf-with-dsym";
				ENABLE_NS_ASSERTIONS = NO;
				ENABLE_STRICT_OBJC_MSGSEND = YES;
				GCC_C_LANGUAGE_STANDARD = gnu11;
				GCC_NO_COMMON_BLOCKS = YES;
				GCC_WARN_64_TO_32_BIT_CONVERSION = YES;
				GCC_WARN_ABOUT_RETURN_TYPE = YES_ERROR;
				GCC_WARN_UNDECLARED_SELECTOR = YES;
				GCC_WARN_UNINITIALIZED_AUTOS = YES_AGGRESSIVE;
				GCC_WARN_UNUSED_FUNCTION = YES;
				GCC_WARN_UNUSED_VARIABLE = YES;
				IPHONEOS_DEPLOYMENT_TARGET = 15.5;
				MTL_ENABLE_DEBUG_INFO = NO;
				MTL_FAST_MATH = YES;
				SDKROOT = iphoneos;
				SWIFT_COMPILATION_MODE = wholemodule;
				SWIFT_OPTIMIZATION_LEVEL = "-O";
				VALIDATE_PRODUCT = YES;
			};
			name = Release;
		};
		1595E94828B26AF700CDA031 /* Debug */ = {
			isa = XCBuildConfiguration;
			buildSettings = {
				ASSETCATALOG_COMPILER_APPICON_NAME = AppIcon;
				ASSETCATALOG_COMPILER_GLOBAL_ACCENT_COLOR_NAME = AccentColor;
				CODE_SIGN_STYLE = Automatic;
				CURRENT_PROJECT_VERSION = 1;
				DEVELOPMENT_TEAM = G325PL7HW2;
				GENERATE_INFOPLIST_FILE = YES;
				INFOPLIST_FILE = SystemKitTesting/Info.plist;
				INFOPLIST_KEY_UIApplicationSupportsIndirectInputEvents = YES;
				INFOPLIST_KEY_UILaunchStoryboardName = LaunchScreen;
				INFOPLIST_KEY_UIMainStoryboardFile = Main;
				INFOPLIST_KEY_UISupportedInterfaceOrientations_iPad = "UIInterfaceOrientationPortrait UIInterfaceOrientationPortraitUpsideDown UIInterfaceOrientationLandscapeLeft UIInterfaceOrientationLandscapeRight";
				INFOPLIST_KEY_UISupportedInterfaceOrientations_iPhone = "UIInterfaceOrientationPortrait UIInterfaceOrientationLandscapeLeft UIInterfaceOrientationLandscapeRight";
				LD_RUNPATH_SEARCH_PATHS = (
					"$(inherited)",
					"@executable_path/Frameworks",
				);
				MARKETING_VERSION = 1.0;
				PRODUCT_BUNDLE_IDENTIFIER = "com.ChangYeopYang.SystemKitTesting-iOS.SystemKitTesting";
				PRODUCT_NAME = "$(TARGET_NAME)";
				SWIFT_EMIT_LOC_STRINGS = YES;
				SWIFT_VERSION = 5.0;
				TARGETED_DEVICE_FAMILY = 1;
			};
			name = Debug;
		};
		1595E94928B26AF700CDA031 /* Release */ = {
			isa = XCBuildConfiguration;
			buildSettings = {
				ASSETCATALOG_COMPILER_APPICON_NAME = AppIcon;
				ASSETCATALOG_COMPILER_GLOBAL_ACCENT_COLOR_NAME = AccentColor;
				CODE_SIGN_STYLE = Automatic;
				CURRENT_PROJECT_VERSION = 1;
				DEVELOPMENT_TEAM = G325PL7HW2;
				GENERATE_INFOPLIST_FILE = YES;
				INFOPLIST_FILE = SystemKitTesting/Info.plist;
				INFOPLIST_KEY_UIApplicationSupportsIndirectInputEvents = YES;
				INFOPLIST_KEY_UILaunchStoryboardName = LaunchScreen;
				INFOPLIST_KEY_UIMainStoryboardFile = Main;
				INFOPLIST_KEY_UISupportedInterfaceOrientations_iPad = "UIInterfaceOrientationPortrait UIInterfaceOrientationPortraitUpsideDown UIInterfaceOrientationLandscapeLeft UIInterfaceOrientationLandscapeRight";
				INFOPLIST_KEY_UISupportedInterfaceOrientations_iPhone = "UIInterfaceOrientationPortrait UIInterfaceOrientationLandscapeLeft UIInterfaceOrientationLandscapeRight";
				LD_RUNPATH_SEARCH_PATHS = (
					"$(inherited)",
					"@executable_path/Frameworks",
				);
				MARKETING_VERSION = 1.0;
				PRODUCT_BUNDLE_IDENTIFIER = "com.ChangYeopYang.SystemKitTesting-iOS.SystemKitTesting";
				PRODUCT_NAME = "$(TARGET_NAME)";
				SWIFT_EMIT_LOC_STRINGS = YES;
				SWIFT_VERSION = 5.0;
				TARGETED_DEVICE_FAMILY = 1;
			};
			name = Release;
		};
/* End XCBuildConfiguration section */

/* Begin XCConfigurationList section */
		1595E92B28B26AF600CDA031 /* Build configuration list for PBXProject "SystemKitTesting" */ = {
			isa = XCConfigurationList;
			buildConfigurations = (
				1595E94528B26AF700CDA031 /* Debug */,
				1595E94628B26AF700CDA031 /* Release */,
			);
			defaultConfigurationIsVisible = 0;
			defaultConfigurationName = Release;
		};
		1595E94728B26AF700CDA031 /* Build configuration list for PBXNativeTarget "SystemKitTesting" */ = {
			isa = XCConfigurationList;
			buildConfigurations = (
				1595E94828B26AF700CDA031 /* Debug */,
				1595E94928B26AF700CDA031 /* Release */,
			);
			defaultConfigurationIsVisible = 0;
			defaultConfigurationName = Release;
		};
/* End XCConfigurationList section */

/* Begin XCVersionGroup section */
		1595E93C28B26AF600CDA031 /* SystemKitTesting.xcdatamodeld */ = {
			isa = XCVersionGroup;
			children = (
				1595E93D28B26AF600CDA031 /* SystemKitTesting.xcdatamodel */,
			);
			currentVersion = 1595E93D28B26AF600CDA031 /* SystemKitTesting.xcdatamodel */;
			path = SystemKitTesting.xcdatamodeld;
			sourceTree = "<group>";
			versionGroupType = wrapper.xcdatamodel;
		};
/* End XCVersionGroup section */
	};
	rootObject = 1595E92828B26AF600CDA031 /* Project object */;
}
